
Microsoft Visual Studio Solution File, Format Version 12.00
# Visual Studio Version 16
VisualStudioVersion = 16.0.31025.194
MinimumVisualStudioVersion = 10.0.40219.1
Project("{9A19103F-16F7-4668-BE54-9A1E7A4F7556}") = "MVCCore.Auth", "MVCCore.Auth\MVCCore.Auth.csproj", "{69D18229-BD06-4FC9-9EED-F32EAC12E407}"
EndProject
Project("{9A19103F-16F7-4668-BE54-9A1E7A4F7556}") = "EF.Core", "EF.Core\EF.Core.csproj", "{C84CE3EF-0FEF-4C3C-8818-77F6A939F107}"
EndProject
Project("{9A19103F-16F7-4668-BE54-9A1E7A4F7556}") = "Service", "Service\Service.csproj", "{89444FDE-E117-445F-877D-51A0E6B0615C}"
EndProject
Project("{2150E333-8FDC-42A3-9474-1A3956D46DE8}") = "Solution Items", "Solution Items", "{870F79E9-3614-4877-B1B5-3567AEBBF4BF}"
EndProject
Global
	GlobalSection(SolutionConfigurationPlatforms) = preSolution
		Debug|Any CPU = Debug|Any CPU
		Release|Any CPU = Release|Any CPU
	EndGlobalSection
	GlobalSection(ProjectConfigurationPlatforms) = postSolution
		{69D18229-BD06-4FC9-9EED-F32EAC12E407}.Debug|Any CPU.ActiveCfg = Debug|Any CPU
		{69D18229-BD06-4FC9-9EED-F32EAC12E407}.Debug|Any CPU.Build.0 = Debug|Any CPU
		{69D18229-BD06-4FC9-9EED-F32EAC12E407}.Release|Any CPU.ActiveCfg = Release|Any CPU
		{69D18229-BD06-4FC9-9EED-F32EAC12E407}.Release|Any CPU.Build.0 = Release|Any CPU
		{C84CE3EF-0FEF-4C3C-8818-77F6A939F107}.Debug|Any CPU.ActiveCfg = Debug|Any CPU
		{C84CE3EF-0FEF-4C3C-8818-77F6A939F107}.Debug|Any CPU.Build.0 = Debug|Any CPU
		{C84CE3EF-0FEF-4C3C-8818-77F6A939F107}.Release|Any CPU.ActiveCfg = Release|Any CPU
		{C84CE3EF-0FEF-4C3C-8818-77F6A939F107}.Release|Any CPU.Build.0 = Release|Any CPU
		{89444FDE-E117-445F-877D-51A0E6B0615C}.Debug|Any CPU.ActiveCfg = Debug|Any CPU
		{89444FDE-E117-445F-877D-51A0E6B0615C}.Debug|Any CPU.Build.0 = Debug|Any CPU
		{89444FDE-E117-445F-877D-51A0E6B0615C}.Release|Any CPU.ActiveCfg = Release|Any CPU
		{89444FDE-E117-445F-877D-51A0E6B0615C}.Release|Any CPU.Build.0 = Release|Any CPU		
	EndGlobalSection
	GlobalSection(SolutionProperties) = preSolution
		HideSolutionNode = FALSE
	EndGlobalSection
	GlobalSection(ExtensibilityGlobals) = postSolution
		SolutionGuid = {4CF660A2-F80B-461B-9596-D056911C406F}
	EndGlobalSection
EndGlobal
